
Microsoft Visual Studio Solution File, Format Version 12.00
# Visual Studio Version 17
VisualStudioVersion = 17.9.34714.143
MinimumVisualStudioVersion = 10.0.40219.1
Project("{FAE04EC0-301F-11D3-BF4B-00C04F79EFBC}") = "MauiCustomMapIcons", "MauiCustomMapIcons\MauiCustomMapIcons.csproj", "{9BA984DB-4D31-4ABC-9419-EAC310412D22}"
EndProject
Global
	GlobalSection(SolutionConfigurationPlatforms) = preSolution
		Debug|Any CPU = Debug|Any CPU
		Release|Any CPU = Release|Any CPU
	EndGlobalSection
	GlobalSection(ProjectConfigurationPlatforms) = postSolution
		{9BA984DB-4D31-4ABC-9419-EAC310412D22}.Debug|Any CPU.ActiveCfg = Debug|Any CPU
		{9BA984DB-4D31-4ABC-9419-EAC310412D22}.Debug|Any CPU.Build.0 = Debug|Any CPU
		{9BA984DB-4D31-4ABC-9419-EAC310412D22}.Debug|Any CPU.Deploy.0 = Debug|Any CPU
		{9BA984DB-4D31-4ABC-9419-EAC310412D22}.Release|Any CPU.ActiveCfg = Release|Any CPU
		{9BA984DB-4D31-4ABC-9419-EAC310412D22}.Release|Any CPU.Build.0 = Release|Any CPU
		{9BA984DB-4D31-4ABC-9419-EAC310412D22}.Release|Any CPU.Deploy.0 = Release|Any CPU
	EndGlobalSection
	GlobalSection(SolutionProperties) = preSolution
		HideSolutionNode = FALSE
	EndGlobalSection
	GlobalSection(ExtensibilityGlobals) = postSolution
		SolutionGuid = {C28E1E04-B81B-469F-A0F9-385F5CFF9312}
	EndGlobalSection
EndGlobal
